
Microsoft Visual Studio Solution File, Format Version 12.00
# Visual Studio Version 16
VisualStudioVersion = 16.0.30907.101
MinimumVisualStudioVersion = 10.0.40219.1
Project("{2150E333-8FDC-42A3-9474-1A3956D46DE8}") = "Lab1", "Lab1", "{E0D60030-DED5-4CB7-BF97-36AEB8D03640}"
EndProject
Project("{9A19103F-16F7-4668-BE54-9A1E7A4F7556}") = "Lab1.Server", "Lab1.Server\Lab1.Server.csproj", "{7F929964-5996-433B-8B86-B227CF5B0F50}"
EndProject
Project("{9A19103F-16F7-4668-BE54-9A1E7A4F7556}") = "Lab1.Client", "Lab1.Client\Lab1.Client.csproj", "{2BC50E8B-57A3-474E-B846-F63A65DBCED7}"
EndProject
Project("{9A19103F-16F7-4668-BE54-9A1E7A4F7556}") = "Lab1.ScanPort", "ScanPort\Lab1.ScanPort.csproj", "{3210D68B-72FC-488F-AFC7-A3304B71B75A}"
EndProject
Project("{2150E333-8FDC-42A3-9474-1A3956D46DE8}") = "Pz1", "Pz1", "{720CC445-DE18-4D30-8EC8-F2BB4588BAFD}"
EndProject
Project("{FAE04EC0-301F-11D3-BF4B-00C04F79EFBC}") = "PZ1.App", "PZ1.App\PZ1.App.csproj", "{8EE54232-7D9B-4CE3-A1DC-FF7207366342}"
EndProject
Global
	GlobalSection(SolutionConfigurationPlatforms) = preSolution
		Debug|Any CPU = Debug|Any CPU
		Release|Any CPU = Release|Any CPU
	EndGlobalSection
	GlobalSection(ProjectConfigurationPlatforms) = postSolution
		{7F929964-5996-433B-8B86-B227CF5B0F50}.Debug|Any CPU.ActiveCfg = Debug|Any CPU
		{7F929964-5996-433B-8B86-B227CF5B0F50}.Debug|Any CPU.Build.0 = Debug|Any CPU
		{7F929964-5996-433B-8B86-B227CF5B0F50}.Release|Any CPU.ActiveCfg = Release|Any CPU
		{7F929964-5996-433B-8B86-B227CF5B0F50}.Release|Any CPU.Build.0 = Release|Any CPU
		{2BC50E8B-57A3-474E-B846-F63A65DBCED7}.Debug|Any CPU.ActiveCfg = Debug|Any CPU
		{2BC50E8B-57A3-474E-B846-F63A65DBCED7}.Debug|Any CPU.Build.0 = Debug|Any CPU
		{2BC50E8B-57A3-474E-B846-F63A65DBCED7}.Release|Any CPU.ActiveCfg = Release|Any CPU
		{2BC50E8B-57A3-474E-B846-F63A65DBCED7}.Release|Any CPU.Build.0 = Release|Any CPU
		{3210D68B-72FC-488F-AFC7-A3304B71B75A}.Debug|Any CPU.ActiveCfg = Debug|Any CPU
		{3210D68B-72FC-488F-AFC7-A3304B71B75A}.Debug|Any CPU.Build.0 = Debug|Any CPU
		{3210D68B-72FC-488F-AFC7-A3304B71B75A}.Release|Any CPU.ActiveCfg = Release|Any CPU
		{3210D68B-72FC-488F-AFC7-A3304B71B75A}.Release|Any CPU.Build.0 = Release|Any CPU
		{8EE54232-7D9B-4CE3-A1DC-FF7207366342}.Debug|Any CPU.ActiveCfg = Debug|Any CPU
		{8EE54232-7D9B-4CE3-A1DC-FF7207366342}.Debug|Any CPU.Build.0 = Debug|Any CPU
		{8EE54232-7D9B-4CE3-A1DC-FF7207366342}.Release|Any CPU.ActiveCfg = Release|Any CPU
		{8EE54232-7D9B-4CE3-A1DC-FF7207366342}.Release|Any CPU.Build.0 = Release|Any CPU
	EndGlobalSection
	GlobalSection(SolutionProperties) = preSolution
		HideSolutionNode = FALSE
	EndGlobalSection
	GlobalSection(NestedProjects) = preSolution
		{7F929964-5996-433B-8B86-B227CF5B0F50} = {E0D60030-DED5-4CB7-BF97-36AEB8D03640}
		{2BC50E8B-57A3-474E-B846-F63A65DBCED7} = {E0D60030-DED5-4CB7-BF97-36AEB8D03640}
		{3210D68B-72FC-488F-AFC7-A3304B71B75A} = {E0D60030-DED5-4CB7-BF97-36AEB8D03640}
		{8EE54232-7D9B-4CE3-A1DC-FF7207366342} = {720CC445-DE18-4D30-8EC8-F2BB4588BAFD}
	EndGlobalSection
	GlobalSection(ExtensibilityGlobals) = postSolution
		SolutionGuid = {5AF93E9D-251C-424C-9E59-018554255D16}
	EndGlobalSection
EndGlobal
